
Microsoft Visual Studio Solution File, Format Version 12.00
# Visual Studio 15
VisualStudioVersion = 15.0.27428.2043
MinimumVisualStudioVersion = 10.0.40219.1
Project("{FAE04EC0-301F-11D3-BF4B-00C04F79EFBC}") = "DetalleRegistro", "DetalleRegistro\DetalleRegistro.csproj", "{15B96011-0B82-49C0-90A6-33922F5B24C9}"
EndProject
Global
	GlobalSection(SolutionConfigurationPlatforms) = preSolution
		Debug|Any CPU = Debug|Any CPU
		Release|Any CPU = Release|Any CPU
	EndGlobalSection
	GlobalSection(ProjectConfigurationPlatforms) = postSolution
		{15B96011-0B82-49C0-90A6-33922F5B24C9}.Debug|Any CPU.ActiveCfg = Debug|Any CPU
		{15B96011-0B82-49C0-90A6-33922F5B24C9}.Debug|Any CPU.Build.0 = Debug|Any CPU
		{15B96011-0B82-49C0-90A6-33922F5B24C9}.Release|Any CPU.ActiveCfg = Release|Any CPU
		{15B96011-0B82-49C0-90A6-33922F5B24C9}.Release|Any CPU.Build.0 = Release|Any CPU
	EndGlobalSection
	GlobalSection(SolutionProperties) = preSolution
		HideSolutionNode = FALSE
	EndGlobalSection
	GlobalSection(ExtensibilityGlobals) = postSolution
		SolutionGuid = {B3FEE723-458C-4B54-B9C2-86774425018B}
	EndGlobalSection
EndGlobal
